
Microsoft Visual Studio Solution File, Format Version 12.00
# Visual Studio Version 18
VisualStudioVersion = 18.4.11626.88
MinimumVisualStudioVersion = 10.0.40219.1
Project("{FAE04EC0-301F-11D3-BF4B-00C04F79EFBC}") = "GamblersGrocery", "GamblersGrocery.csproj", "{52486D63-9A26-AB2D-DA97-8D6DF6D2F6FA}"
EndProject
Project("{FAE04EC0-301F-11D3-BF4B-00C04F79EFBC}") = "GamblersGroceryAPI", "..\..\GamblersGroceryAPI\GamblersGroceryAPI\GamblersGroceryAPI.csproj", "{169AA270-D7F2-E5CE-EDDA-E08638D5FD45}"
EndProject
Global
	GlobalSection(SolutionConfigurationPlatforms) = preSolution
		Debug|Any CPU = Debug|Any CPU
		Release|Any CPU = Release|Any CPU
	EndGlobalSection
	GlobalSection(ProjectConfigurationPlatforms) = postSolution
		{52486D63-9A26-AB2D-DA97-8D6DF6D2F6FA}.Debug|Any CPU.ActiveCfg = Debug|Any CPU
		{52486D63-9A26-AB2D-DA97-8D6DF6D2F6FA}.Debug|Any CPU.Build.0 = Debug|Any CPU
		{52486D63-9A26-AB2D-DA97-8D6DF6D2F6FA}.Release|Any CPU.ActiveCfg = Release|Any CPU
		{52486D63-9A26-AB2D-DA97-8D6DF6D2F6FA}.Release|Any CPU.Build.0 = Release|Any CPU
		{169AA270-D7F2-E5CE-EDDA-E08638D5FD45}.Debug|Any CPU.ActiveCfg = Debug|Any CPU
		{169AA270-D7F2-E5CE-EDDA-E08638D5FD45}.Debug|Any CPU.Build.0 = Debug|Any CPU
		{169AA270-D7F2-E5CE-EDDA-E08638D5FD45}.Release|Any CPU.ActiveCfg = Release|Any CPU
		{169AA270-D7F2-E5CE-EDDA-E08638D5FD45}.Release|Any CPU.Build.0 = Release|Any CPU
	EndGlobalSection
	GlobalSection(SolutionProperties) = preSolution
		HideSolutionNode = FALSE
	EndGlobalSection
	GlobalSection(ExtensibilityGlobals) = postSolution
		SolutionGuid = {B8E2C097-FD81-41D5-AD5C-6CA845F4920D}
	EndGlobalSection
EndGlobal
